// !$*UTF8*$!
{
	archiveVersion = 1;
	classes = {
	};
	objectVersion = 48;
	objects = {

/* Begin PBXBuildFile section */
		3752490B1FAA442900AC1D77 /* NewTagViewController.swift in Sources */ = {isa = PBXBuildFile; fileRef = 3752490A1FAA442900AC1D77 /* NewTagViewController.swift */; };
		375249B11FAA92BD00AC1D77 /* NavigationViewController.swift in Sources */ = {isa = PBXBuildFile; fileRef = 375249B01FAA92BD00AC1D77 /* NavigationViewController.swift */; };
		375249B31FAA92F800AC1D77 /* TabBarController.swift in Sources */ = {isa = PBXBuildFile; fileRef = 375249B21FAA92F800AC1D77 /* TabBarController.swift */; };
		375249B51FAA9CFE00AC1D77 /* BaseViewController.swift in Sources */ = {isa = PBXBuildFile; fileRef = 375249B41FAA9CFD00AC1D77 /* BaseViewController.swift */; };
		4630D88B1F9BC5F200F2376C /* ObjectView.swift in Sources */ = {isa = PBXBuildFile; fileRef = 4630D88A1F9BC5F200F2376C /* ObjectView.swift */; };
		4650DC5F1F9D53F800B5BBC8 /* ModeViewController.swift in Sources */ = {isa = PBXBuildFile; fileRef = 4650DC5E1F9D53F800B5BBC8 /* ModeViewController.swift */; };
		46616E911FA9B05C008CD20C /* ProjectsViewController.swift in Sources */ = {isa = PBXBuildFile; fileRef = 46616E901FA9B05C008CD20C /* ProjectsViewController.swift */; };
		46616E931FA9B067008CD20C /* TagsViewController.swift in Sources */ = {isa = PBXBuildFile; fileRef = 46616E921FA9B067008CD20C /* TagsViewController.swift */; };
		46616E951FA9B775008CD20C /* UIViewController+ext.swift in Sources */ = {isa = PBXBuildFile; fileRef = 46616E941FA9B775008CD20C /* UIViewController+ext.swift */; };
		4673EB4B1F9DA5190085358D /* CGRect+ext.swift in Sources */ = {isa = PBXBuildFile; fileRef = 4673EB4A1F9DA5190085358D /* CGRect+ext.swift */; };
		4673EB4D1F9E23E30085358D /* TagViewController.swift in Sources */ = {isa = PBXBuildFile; fileRef = 4673EB4C1F9E23E30085358D /* TagViewController.swift */; };
		4673EB4F1F9E278D0085358D /* CameraViewController.delegates.swift in Sources */ = {isa = PBXBuildFile; fileRef = 4673EB4E1F9E278D0085358D /* CameraViewController.delegates.swift */; };
		4682AD681F9CC1020069D663 /* SizeViewController.swift in Sources */ = {isa = PBXBuildFile; fileRef = 4682AD671F9CC1020069D663 /* SizeViewController.swift */; };
		4698E54F1FA98F1D00DD4FE4 /* DocumentManager.swift in Sources */ = {isa = PBXBuildFile; fileRef = 4698E54E1FA98F1D00DD4FE4 /* DocumentManager.swift */; };
		469B0F171F9ACB2A00E0CBDD /* AppDelegate.swift in Sources */ = {isa = PBXBuildFile; fileRef = 469B0F161F9ACB2A00E0CBDD /* AppDelegate.swift */; };
		469B0F191F9ACB2A00E0CBDD /* CameraViewController.swift in Sources */ = {isa = PBXBuildFile; fileRef = 469B0F181F9ACB2A00E0CBDD /* CameraViewController.swift */; };
		469B0F1C1F9ACB2A00E0CBDD /* Main.storyboard in Resources */ = {isa = PBXBuildFile; fileRef = 469B0F1A1F9ACB2A00E0CBDD /* Main.storyboard */; };
		469B0F1E1F9ACB2A00E0CBDD /* Assets.xcassets in Resources */ = {isa = PBXBuildFile; fileRef = 469B0F1D1F9ACB2A00E0CBDD /* Assets.xcassets */; };
		469B0F211F9ACB2A00E0CBDD /* LaunchScreen.storyboard in Resources */ = {isa = PBXBuildFile; fileRef = 469B0F1F1F9ACB2A00E0CBDD /* LaunchScreen.storyboard */; };
		469B0F4B1F9AE2E200E0CBDD /* CameraViewController.others.swift in Sources */ = {isa = PBXBuildFile; fileRef = 469B0F4A1F9AE2E200E0CBDD /* CameraViewController.others.swift */; };
		469B0F4F1F9BC2B300E0CBDD /* ContainerView.swift in Sources */ = {isa = PBXBuildFile; fileRef = 469B0F4E1F9BC2B300E0CBDD /* ContainerView.swift */; };
		46BE3E891FAAEB6B00916A47 /* UIApplication+ext.swift in Sources */ = {isa = PBXBuildFile; fileRef = 46BE3E881FAAEB6B00916A47 /* UIApplication+ext.swift */; };
		46BE3E8B1FAAEC8500916A47 /* Log.swift in Sources */ = {isa = PBXBuildFile; fileRef = 46BE3E8A1FAAEC8500916A47 /* Log.swift */; };
		46EE5F021F9BC4EE00AF4634 /* TargetView.swift in Sources */ = {isa = PBXBuildFile; fileRef = 469B0F4C1F9AEBD600E0CBDD /* TargetView.swift */; };
		46F5B04F1FA9A3CB0019FA34 /* LoadingViewController.swift in Sources */ = {isa = PBXBuildFile; fileRef = 46F5B04E1FA9A3CB0019FA34 /* LoadingViewController.swift */; };
		46F5B0511FA9AD2C0019FA34 /* NewProjectViewController.swift in Sources */ = {isa = PBXBuildFile; fileRef = 46F5B0501FA9AD2C0019FA34 /* NewProjectViewController.swift */; };
/* End PBXBuildFile section */

/* Begin PBXFileReference section */
		3752490A1FAA442900AC1D77 /* NewTagViewController.swift */ = {isa = PBXFileReference; lastKnownFileType = sourcecode.swift; path = NewTagViewController.swift; sourceTree = "<group>"; };
		375249B01FAA92BD00AC1D77 /* NavigationViewController.swift */ = {isa = PBXFileReference; lastKnownFileType = sourcecode.swift; path = NavigationViewController.swift; sourceTree = "<group>"; };
		375249B21FAA92F800AC1D77 /* TabBarController.swift */ = {isa = PBXFileReference; lastKnownFileType = sourcecode.swift; path = TabBarController.swift; sourceTree = "<group>"; };
		375249B41FAA9CFD00AC1D77 /* BaseViewController.swift */ = {isa = PBXFileReference; lastKnownFileType = sourcecode.swift; path = BaseViewController.swift; sourceTree = "<group>"; };
		4630D88A1F9BC5F200F2376C /* ObjectView.swift */ = {isa = PBXFileReference; lastKnownFileType = sourcecode.swift; path = ObjectView.swift; sourceTree = "<group>"; };
		4650DC5E1F9D53F800B5BBC8 /* ModeViewController.swift */ = {isa = PBXFileReference; lastKnownFileType = sourcecode.swift; path = ModeViewController.swift; sourceTree = "<group>"; };
		46616E901FA9B05C008CD20C /* ProjectsViewController.swift */ = {isa = PBXFileReference; lastKnownFileType = sourcecode.swift; path = ProjectsViewController.swift; sourceTree = "<group>"; };
		46616E921FA9B067008CD20C /* TagsViewController.swift */ = {isa = PBXFileReference; lastKnownFileType = sourcecode.swift; path = TagsViewController.swift; sourceTree = "<group>"; };
		46616E941FA9B775008CD20C /* UIViewController+ext.swift */ = {isa = PBXFileReference; lastKnownFileType = sourcecode.swift; path = "UIViewController+ext.swift"; sourceTree = "<group>"; };
		4673EB4A1F9DA5190085358D /* CGRect+ext.swift */ = {isa = PBXFileReference; lastKnownFileType = sourcecode.swift; path = "CGRect+ext.swift"; sourceTree = "<group>"; };
		4673EB4C1F9E23E30085358D /* TagViewController.swift */ = {isa = PBXFileReference; lastKnownFileType = sourcecode.swift; path = TagViewController.swift; sourceTree = "<group>"; };
		4673EB4E1F9E278D0085358D /* CameraViewController.delegates.swift */ = {isa = PBXFileReference; lastKnownFileType = sourcecode.swift; path = CameraViewController.delegates.swift; sourceTree = "<group>"; };
		4682AD671F9CC1020069D663 /* SizeViewController.swift */ = {isa = PBXFileReference; lastKnownFileType = sourcecode.swift; path = SizeViewController.swift; sourceTree = "<group>"; };
		4698E54E1FA98F1D00DD4FE4 /* DocumentManager.swift */ = {isa = PBXFileReference; lastKnownFileType = sourcecode.swift; path = DocumentManager.swift; sourceTree = "<group>"; };
		469B0F131F9ACB2A00E0CBDD /* BuildLearningModel.app */ = {isa = PBXFileReference; explicitFileType = wrapper.application; includeInIndex = 0; path = BuildLearningModel.app; sourceTree = BUILT_PRODUCTS_DIR; };
		469B0F161F9ACB2A00E0CBDD /* AppDelegate.swift */ = {isa = PBXFileReference; lastKnownFileType = sourcecode.swift; path = AppDelegate.swift; sourceTree = "<group>"; };
		469B0F181F9ACB2A00E0CBDD /* CameraViewController.swift */ = {isa = PBXFileReference; lastKnownFileType = sourcecode.swift; path = CameraViewController.swift; sourceTree = "<group>"; };
		469B0F1B1F9ACB2A00E0CBDD /* Base */ = {isa = PBXFileReference; lastKnownFileType = file.storyboard; name = Base; path = Base.lproj/Main.storyboard; sourceTree = "<group>"; };
		469B0F1D1F9ACB2A00E0CBDD /* Assets.xcassets */ = {isa = PBXFileReference; lastKnownFileType = folder.assetcatalog; path = Assets.xcassets; sourceTree = "<group>"; };
		469B0F201F9ACB2A00E0CBDD /* Base */ = {isa = PBXFileReference; lastKnownFileType = file.storyboard; name = Base; path = Base.lproj/LaunchScreen.storyboard; sourceTree = "<group>"; };
		469B0F221F9ACB2A00E0CBDD /* Info.plist */ = {isa = PBXFileReference; lastKnownFileType = text.plist.xml; path = Info.plist; sourceTree = "<group>"; };
		469B0F4A1F9AE2E200E0CBDD /* CameraViewController.others.swift */ = {isa = PBXFileReference; lastKnownFileType = sourcecode.swift; path = CameraViewController.others.swift; sourceTree = "<group>"; };
		469B0F4C1F9AEBD600E0CBDD /* TargetView.swift */ = {isa = PBXFileReference; lastKnownFileType = sourcecode.swift; path = TargetView.swift; sourceTree = "<group>"; };
		469B0F4E1F9BC2B300E0CBDD /* ContainerView.swift */ = {isa = PBXFileReference; lastKnownFileType = sourcecode.swift; path = ContainerView.swift; sourceTree = "<group>"; };
		46BE3E881FAAEB6B00916A47 /* UIApplication+ext.swift */ = {isa = PBXFileReference; fileEncoding = 4; lastKnownFileType = sourcecode.swift; path = "UIApplication+ext.swift"; sourceTree = "<group>"; };
		46BE3E8A1FAAEC8500916A47 /* Log.swift */ = {isa = PBXFileReference; lastKnownFileType = sourcecode.swift; path = Log.swift; sourceTree = "<group>"; };
		46F5B04E1FA9A3CB0019FA34 /* LoadingViewController.swift */ = {isa = PBXFileReference; lastKnownFileType = sourcecode.swift; path = LoadingViewController.swift; sourceTree = "<group>"; };
		46F5B0501FA9AD2C0019FA34 /* NewProjectViewController.swift */ = {isa = PBXFileReference; lastKnownFileType = sourcecode.swift; path = NewProjectViewController.swift; sourceTree = "<group>"; };
/* End PBXFileReference section */

/* Begin PBXFrameworksBuildPhase section */
		469B0F101F9ACB2A00E0CBDD /* Frameworks */ = {
			isa = PBXFrameworksBuildPhase;
			buildActionMask = 2147483647;
			files = (
			);
			runOnlyForDeploymentPostprocessing = 0;
		};
/* End PBXFrameworksBuildPhase section */

/* Begin PBXGroup section */
		469B0F0A1F9ACB2A00E0CBDD = {
			isa = PBXGroup;
			children = (
				469B0F151F9ACB2A00E0CBDD /* BuildLearningModel */,
				469B0F141F9ACB2A00E0CBDD /* Products */,
			);
			sourceTree = "<group>";
		};
		469B0F141F9ACB2A00E0CBDD /* Products */ = {
			isa = PBXGroup;
			children = (
				469B0F131F9ACB2A00E0CBDD /* BuildLearningModel.app */,
			);
			name = Products;
			sourceTree = "<group>";
		};
		469B0F151F9ACB2A00E0CBDD /* BuildLearningModel */ = {
			isa = PBXGroup;
			children = (
				469B0F161F9ACB2A00E0CBDD /* AppDelegate.swift */,
				46BE3E851FAAEAE100916A47 /* Classes */,
				46BE3E831FAAEAB300916A47 /* Extensions */,
				46BE3E841FAAEACE00916A47 /* Screens */,
				469B0F1A1F9ACB2A00E0CBDD /* Main.storyboard */,
				469B0F1F1F9ACB2A00E0CBDD /* LaunchScreen.storyboard */,
				469B0F1D1F9ACB2A00E0CBDD /* Assets.xcassets */,
				469B0F221F9ACB2A00E0CBDD /* Info.plist */,
			);
			path = BuildLearningModel;
			sourceTree = "<group>";
		};
		46BE3E7E1FAAEA2F00916A47 /* CaptureViewController */ = {
			isa = PBXGroup;
			children = (
				469B0F181F9ACB2A00E0CBDD /* CameraViewController.swift */,
				469B0F4A1F9AE2E200E0CBDD /* CameraViewController.others.swift */,
				4673EB4E1F9E278D0085358D /* CameraViewController.delegates.swift */,
				46BE3E871FAAEB0C00916A47 /* Popups */,
				46BE3E861FAAEB0100916A47 /* Views */,
			);
			path = CaptureViewController;
			sourceTree = "<group>";
		};
		46BE3E831FAAEAB300916A47 /* Extensions */ = {
			isa = PBXGroup;
			children = (
				46BE3E881FAAEB6B00916A47 /* UIApplication+ext.swift */,
				4673EB4A1F9DA5190085358D /* CGRect+ext.swift */,
				46616E941FA9B775008CD20C /* UIViewController+ext.swift */,
			);
			path = Extensions;
			sourceTree = "<group>";
		};
		46BE3E841FAAEACE00916A47 /* Screens */ = {
			isa = PBXGroup;
			children = (
				375249B21FAA92F800AC1D77 /* TabBarController.swift */,
				375249B01FAA92BD00AC1D77 /* NavigationViewController.swift */,
				46616E901FA9B05C008CD20C /* ProjectsViewController.swift */,
				46F5B0501FA9AD2C0019FA34 /* NewProjectViewController.swift */,
				46616E921FA9B067008CD20C /* TagsViewController.swift */,
				3752490A1FAA442900AC1D77 /* NewTagViewController.swift */,
				46F5B04E1FA9A3CB0019FA34 /* LoadingViewController.swift */,
				46BE3E7E1FAAEA2F00916A47 /* CaptureViewController */,
			);
			path = Screens;
			sourceTree = "<group>";
		};
		46BE3E851FAAEAE100916A47 /* Classes */ = {
			isa = PBXGroup;
			children = (
				375249B41FAA9CFD00AC1D77 /* BaseViewController.swift */,
				4698E54E1FA98F1D00DD4FE4 /* DocumentManager.swift */,
				46BE3E8A1FAAEC8500916A47 /* Log.swift */,
			);
			path = Classes;
			sourceTree = "<group>";
		};
		46BE3E861FAAEB0100916A47 /* Views */ = {
			isa = PBXGroup;
			children = (
				469B0F4C1F9AEBD600E0CBDD /* TargetView.swift */,
				469B0F4E1F9BC2B300E0CBDD /* ContainerView.swift */,
				4630D88A1F9BC5F200F2376C /* ObjectView.swift */,
			);
			name = Views;
			sourceTree = "<group>";
		};
		46BE3E871FAAEB0C00916A47 /* Popups */ = {
			isa = PBXGroup;
			children = (
				4673EB4C1F9E23E30085358D /* TagViewController.swift */,
				4682AD671F9CC1020069D663 /* SizeViewController.swift */,
				4650DC5E1F9D53F800B5BBC8 /* ModeViewController.swift */,
			);
			path = Popups;
			sourceTree = "<group>";
		};
/* End PBXGroup section */

/* Begin PBXNativeTarget section */
		469B0F121F9ACB2A00E0CBDD /* BuildLearningModel */ = {
			isa = PBXNativeTarget;
			buildConfigurationList = 469B0F251F9ACB2A00E0CBDD /* Build configuration list for PBXNativeTarget "BuildLearningModel" */;
			buildPhases = (
				469B0F0F1F9ACB2A00E0CBDD /* Sources */,
				469B0F101F9ACB2A00E0CBDD /* Frameworks */,
				469B0F111F9ACB2A00E0CBDD /* Resources */,
			);
			buildRules = (
			);
			dependencies = (
			);
			name = BuildLearningModel;
			productName = BuildLearningModel;
			productReference = 469B0F131F9ACB2A00E0CBDD /* BuildLearningModel.app */;
			productType = "com.apple.product-type.application";
		};
/* End PBXNativeTarget section */

/* Begin PBXProject section */
		469B0F0B1F9ACB2A00E0CBDD /* Project object */ = {
			isa = PBXProject;
			attributes = {
				LastSwiftUpdateCheck = 0900;
				LastUpgradeCheck = 0900;
				ORGANIZATIONNAME = "Hai Kieu";
				TargetAttributes = {
					469B0F121F9ACB2A00E0CBDD = {
						CreatedOnToolsVersion = 9.0;
						ProvisioningStyle = Automatic;
					};
				};
			};
			buildConfigurationList = 469B0F0E1F9ACB2A00E0CBDD /* Build configuration list for PBXProject "BuildLearningModel" */;
			compatibilityVersion = "Xcode 8.0";
			developmentRegion = en;
			hasScannedForEncodings = 0;
			knownRegions = (
				en,
				Base,
			);
			mainGroup = 469B0F0A1F9ACB2A00E0CBDD;
			productRefGroup = 469B0F141F9ACB2A00E0CBDD /* Products */;
			projectDirPath = "";
			projectRoot = "";
			targets = (
				469B0F121F9ACB2A00E0CBDD /* BuildLearningModel */,
			);
		};
/* End PBXProject section */

/* Begin PBXResourcesBuildPhase section */
		469B0F111F9ACB2A00E0CBDD /* Resources */ = {
			isa = PBXResourcesBuildPhase;
			buildActionMask = 2147483647;
			files = (
				469B0F211F9ACB2A00E0CBDD /* LaunchScreen.storyboard in Resources */,
				469B0F1E1F9ACB2A00E0CBDD /* Assets.xcassets in Resources */,
				469B0F1C1F9ACB2A00E0CBDD /* Main.storyboard in Resources */,
			);
			runOnlyForDeploymentPostprocessing = 0;
		};
/* End PBXResourcesBuildPhase section */

/* Begin PBXSourcesBuildPhase section */
		469B0F0F1F9ACB2A00E0CBDD /* Sources */ = {
			isa = PBXSourcesBuildPhase;
			buildActionMask = 2147483647;
			files = (
				46616E911FA9B05C008CD20C /* ProjectsViewController.swift in Sources */,
				46BE3E8B1FAAEC8500916A47 /* Log.swift in Sources */,
				4673EB4F1F9E278D0085358D /* CameraViewController.delegates.swift in Sources */,
				469B0F4B1F9AE2E200E0CBDD /* CameraViewController.others.swift in Sources */,
				4673EB4B1F9DA5190085358D /* CGRect+ext.swift in Sources */,
				46616E931FA9B067008CD20C /* TagsViewController.swift in Sources */,
				46F5B0511FA9AD2C0019FA34 /* NewProjectViewController.swift in Sources */,
				46BE3E891FAAEB6B00916A47 /* UIApplication+ext.swift in Sources */,
				4630D88B1F9BC5F200F2376C /* ObjectView.swift in Sources */,
				375249B11FAA92BD00AC1D77 /* NavigationViewController.swift in Sources */,
				469B0F4F1F9BC2B300E0CBDD /* ContainerView.swift in Sources */,
				3752490B1FAA442900AC1D77 /* NewTagViewController.swift in Sources */,
				469B0F191F9ACB2A00E0CBDD /* CameraViewController.swift in Sources */,
				46F5B04F1FA9A3CB0019FA34 /* LoadingViewController.swift in Sources */,
				375249B51FAA9CFE00AC1D77 /* BaseViewController.swift in Sources */,
				4673EB4D1F9E23E30085358D /* TagViewController.swift in Sources */,
				46616E951FA9B775008CD20C /* UIViewController+ext.swift in Sources */,
				4698E54F1FA98F1D00DD4FE4 /* DocumentManager.swift in Sources */,
				4682AD681F9CC1020069D663 /* SizeViewController.swift in Sources */,
				469B0F171F9ACB2A00E0CBDD /* AppDelegate.swift in Sources */,
				375249B31FAA92F800AC1D77 /* TabBarController.swift in Sources */,
				4650DC5F1F9D53F800B5BBC8 /* ModeViewController.swift in Sources */,
				46EE5F021F9BC4EE00AF4634 /* TargetView.swift in Sources */,
			);
			runOnlyForDeploymentPostprocessing = 0;
		};
/* End PBXSourcesBuildPhase section */

/* Begin PBXVariantGroup section */
		469B0F1A1F9ACB2A00E0CBDD /* Main.storyboard */ = {
			isa = PBXVariantGroup;
			children = (
				469B0F1B1F9ACB2A00E0CBDD /* Base */,
			);
			name = Main.storyboard;
			sourceTree = "<group>";
		};
		469B0F1F1F9ACB2A00E0CBDD /* LaunchScreen.storyboard */ = {
			isa = PBXVariantGroup;
			children = (
				469B0F201F9ACB2A00E0CBDD /* Base */,
			);
			name = LaunchScreen.storyboard;
			sourceTree = "<group>";
		};
/* End PBXVariantGroup section */

/* Begin XCBuildConfiguration section */
		469B0F231F9ACB2A00E0CBDD /* Debug */ = {
			isa = XCBuildConfiguration;
			buildSettings = {
				ALWAYS_SEARCH_USER_PATHS = NO;
				CLANG_ANALYZER_NONNULL = YES;
				CLANG_ANALYZER_NUMBER_OBJECT_CONVERSION = YES_AGGRESSIVE;
				CLANG_CXX_LANGUAGE_STANDARD = "gnu++14";
				CLANG_CXX_LIBRARY = "libc++";
				CLANG_ENABLE_MODULES = YES;
				CLANG_ENABLE_OBJC_ARC = YES;
				CLANG_WARN_BLOCK_CAPTURE_AUTORELEASING = YES;
				CLANG_WARN_BOOL_CONVERSION = YES;
				CLANG_WARN_COMMA = YES;
				CLANG_WARN_CONSTANT_CONVERSION = YES;
				CLANG_WARN_DIRECT_OBJC_ISA_USAGE = YES_ERROR;
				CLANG_WARN_DOCUMENTATION_COMMENTS = YES;
				CLANG_WARN_EMPTY_BODY = YES;
				CLANG_WARN_ENUM_CONVERSION = YES;
				CLANG_WARN_INFINITE_RECURSION = YES;
				CLANG_WARN_INT_CONVERSION = YES;
				CLANG_WARN_NON_LITERAL_NULL_CONVERSION = YES;
				CLANG_WARN_OBJC_LITERAL_CONVERSION = YES;
				CLANG_WARN_OBJC_ROOT_CLASS = YES_ERROR;
				CLANG_WARN_RANGE_LOOP_ANALYSIS = YES;
				CLANG_WARN_STRICT_PROTOTYPES = YES;
				CLANG_WARN_SUSPICIOUS_MOVE = YES;
				CLANG_WARN_UNGUARDED_AVAILABILITY = YES_AGGRESSIVE;
				CLANG_WARN_UNREACHABLE_CODE = YES;
				CLANG_WARN__DUPLICATE_METHOD_MATCH = YES;
				CODE_SIGN_IDENTITY = "iPhone Developer";
				COPY_PHASE_STRIP = NO;
				DEBUG_INFORMATION_FORMAT = dwarf;
				ENABLE_STRICT_OBJC_MSGSEND = YES;
				ENABLE_TESTABILITY = YES;
				GCC_C_LANGUAGE_STANDARD = gnu11;
				GCC_DYNAMIC_NO_PIC = NO;
				GCC_NO_COMMON_BLOCKS = YES;
				GCC_OPTIMIZATION_LEVEL = 0;
				GCC_PREPROCESSOR_DEFINITIONS = (
					"DEBUG=1",
					"$(inherited)",
				);
				GCC_WARN_64_TO_32_BIT_CONVERSION = YES;
				GCC_WARN_ABOUT_RETURN_TYPE = YES_ERROR;
				GCC_WARN_UNDECLARED_SELECTOR = YES;
				GCC_WARN_UNINITIALIZED_AUTOS = YES_AGGRESSIVE;
				GCC_WARN_UNUSED_FUNCTION = YES;
				GCC_WARN_UNUSED_VARIABLE = YES;
				IPHONEOS_DEPLOYMENT_TARGET = 11.0;
				MTL_ENABLE_DEBUG_INFO = YES;
				ONLY_ACTIVE_ARCH = YES;
				SDKROOT = iphoneos;
				SWIFT_ACTIVE_COMPILATION_CONDITIONS = DEBUG;
				SWIFT_OPTIMIZATION_LEVEL = "-Onone";
			};
			name = Debug;
		};
		469B0F241F9ACB2A00E0CBDD /* Release */ = {
			isa = XCBuildConfiguration;
			buildSettings = {
				ALWAYS_SEARCH_USER_PATHS = NO;
				CLANG_ANALYZER_NONNULL = YES;
				CLANG_ANALYZER_NUMBER_OBJECT_CONVERSION = YES_AGGRESSIVE;
				CLANG_CXX_LANGUAGE_STANDARD = "gnu++14";
				CLANG_CXX_LIBRARY = "libc++";
				CLANG_ENABLE_MODULES = YES;
				CLANG_ENABLE_OBJC_ARC = YES;
				CLANG_WARN_BLOCK_CAPTURE_AUTORELEASING = YES;
				CLANG_WARN_BOOL_CONVERSION = YES;
				CLANG_WARN_COMMA = YES;
				CLANG_WARN_CONSTANT_CONVERSION = YES;
				CLANG_WARN_DIRECT_OBJC_ISA_USAGE = YES_ERROR;
				CLANG_WARN_DOCUMENTATION_COMMENTS = YES;
				CLANG_WARN_EMPTY_BODY = YES;
				CLANG_WARN_ENUM_CONVERSION = YES;
				CLANG_WARN_INFINITE_RECURSION = YES;
				CLANG_WARN_INT_CONVERSION = YES;
				CLANG_WARN_NON_LITERAL_NULL_CONVERSION = YES;
				CLANG_WARN_OBJC_LITERAL_CONVERSION = YES;
				CLANG_WARN_OBJC_ROOT_CLASS = YES_ERROR;
				CLANG_WARN_RANGE_LOOP_ANALYSIS = YES;
				CLANG_WARN_STRICT_PROTOTYPES = YES;
				CLANG_WARN_SUSPICIOUS_MOVE = YES;
				CLANG_WARN_UNGUARDED_AVAILABILITY = YES_AGGRESSIVE;
				CLANG_WARN_UNREACHABLE_CODE = YES;
				CLANG_WARN__DUPLICATE_METHOD_MATCH = YES;
				CODE_SIGN_IDENTITY = "iPhone Developer";
				COPY_PHASE_STRIP = NO;
				DEBUG_INFORMATION_FORMAT = "dwarf-with-dsym";
				ENABLE_NS_ASSERTIONS = NO;
				ENABLE_STRICT_OBJC_MSGSEND = YES;
				GCC_C_LANGUAGE_STANDARD = gnu11;
				GCC_NO_COMMON_BLOCKS = YES;
				GCC_WARN_64_TO_32_BIT_CONVERSION = YES;
				GCC_WARN_ABOUT_RETURN_TYPE = YES_ERROR;
				GCC_WARN_UNDECLARED_SELECTOR = YES;
				GCC_WARN_UNINITIALIZED_AUTOS = YES_AGGRESSIVE;
				GCC_WARN_UNUSED_FUNCTION = YES;
				GCC_WARN_UNUSED_VARIABLE = YES;
				IPHONEOS_DEPLOYMENT_TARGET = 11.0;
				MTL_ENABLE_DEBUG_INFO = NO;
				SDKROOT = iphoneos;
				SWIFT_OPTIMIZATION_LEVEL = "-Owholemodule";
				VALIDATE_PRODUCT = YES;
			};
			name = Release;
		};
		469B0F261F9ACB2A00E0CBDD /* Debug */ = {
			isa = XCBuildConfiguration;
			buildSettings = {
				ASSETCATALOG_COMPILER_APPICON_NAME = AppIcon;
				CODE_SIGN_STYLE = Automatic;
				DEVELOPMENT_TEAM = P3SL8HVN4S;
				INFOPLIST_FILE = BuildLearningModel/Info.plist;
				LD_RUNPATH_SEARCH_PATHS = "$(inherited) @executable_path/Frameworks";
				PRODUCT_BUNDLE_IDENTIFIER = com.hk.app.BuildLearningModel;
				PRODUCT_NAME = "$(TARGET_NAME)";
				SWIFT_VERSION = 4.0;
				TARGETED_DEVICE_FAMILY = "1,2";
			};
			name = Debug;
		};
		469B0F271F9ACB2A00E0CBDD /* Release */ = {
			isa = XCBuildConfiguration;
			buildSettings = {
				ASSETCATALOG_COMPILER_APPICON_NAME = AppIcon;
				CODE_SIGN_STYLE = Automatic;
				DEVELOPMENT_TEAM = P3SL8HVN4S;
				INFOPLIST_FILE = BuildLearningModel/Info.plist;
				LD_RUNPATH_SEARCH_PATHS = "$(inherited) @executable_path/Frameworks";
				PRODUCT_BUNDLE_IDENTIFIER = com.hk.app.BuildLearningModel;
				PRODUCT_NAME = "$(TARGET_NAME)";
				SWIFT_VERSION = 4.0;
				TARGETED_DEVICE_FAMILY = "1,2";
			};
			name = Release;
		};
/* End XCBuildConfiguration section */

/* Begin XCConfigurationList section */
		469B0F0E1F9ACB2A00E0CBDD /* Build configuration list for PBXProject "BuildLearningModel" */ = {
			isa = XCConfigurationList;
			buildConfigurations = (
				469B0F231F9ACB2A00E0CBDD /* Debug */,
				469B0F241F9ACB2A00E0CBDD /* Release */,
			);
			defaultConfigurationIsVisible = 0;
			defaultConfigurationName = Release;
		};
		469B0F251F9ACB2A00E0CBDD /* Build configuration list for PBXNativeTarget "BuildLearningModel" */ = {
			isa = XCConfigurationList;
			buildConfigurations = (
				469B0F261F9ACB2A00E0CBDD /* Debug */,
				469B0F271F9ACB2A00E0CBDD /* Release */,
			);
			defaultConfigurationIsVisible = 0;
			defaultConfigurationName = Release;
		};
/* End XCConfigurationList section */
	};
	rootObject = 469B0F0B1F9ACB2A00E0CBDD /* Project object */;
}
